# THIS IS AN AUTOGENERATED FILE. DO NOT EDIT THIS FILE DIRECTLY.
# yarn lockfile v1


jquery@^3.6.3:
  version "3.6.4"
  resolved "https://registry.npmjs.org/jquery/-/jquery-3.6.4.tgz"
  integrity sha512-v28EW9DWDFpzcD9O5iyJXg3R3+q+mET5JhnjJzQUZMHOv67bpSIHq81GEYpPNZHG+XXHsfSme3nxp/hndKEcsQ==

log4javascript@^1.4.16:
  version "1.4.16"
  resolved "https://registry.npmjs.org/log4javascript/-/log4javascript-1.4.16.tgz"
  integrity sha512-LaKmdz/+Ix/np+LNrh0hi3dapZUzQ80EGQ6AqnHja5YZVLQ/++rjJbABJ96IICHDsnlsn7hGx1hfMIuUt0vjog==
